PODS:
  - YPSegmentController (1.4.1)

DEPENDENCIES:
  - YPSegmentController (from `../`)

EXTERNAL SOURCES:
  YPSegmentController:
    :path: "../"

SPEC CHECKSUMS:
  YPSegmentController: 4fa6a8cad089f0326395eb62684254c00e6812f8

PODFILE CHECKSUM: a8fe909cb727cc125bc34a9e617af4993c01da4f

COCOAPODS: 1.2.0.beta.1
