PODS:
  - YPSegmentController (1.6.0)

DEPENDENCIES:
  - YPSegmentController (from `../`)

EXTERNAL SOURCES:
  YPSegmentController:
    :path: "../"

SPEC CHECKSUMS:
  YPSegmentController: 310f3776c408335f053469c57d78a4f2e302730b

PODFILE CHECKSUM: a8fe909cb727cc125bc34a9e617af4993c01da4f

COCOAPODS: 1.2.0.beta.1
