PODS:
  - YPSegmentController (1.0.0)

DEPENDENCIES:
  - YPSegmentController (from `../`)

EXTERNAL SOURCES:
  YPSegmentController:
    :path: "../"

SPEC CHECKSUMS:
  YPSegmentController: bd0163b99cdd5eb842415564a72c9bdc9e959dc1

PODFILE CHECKSUM: a8fe909cb727cc125bc34a9e617af4993c01da4f

COCOAPODS: 1.1.1
